// !$*UTF8*$!
{
	archiveVersion = 1;
	classes = {
	};
	objectVersion = 46;
	objects = {

/* Begin PBXBuildFile section */
		B5623017174FD6AB00A1ADDE /* UIKit.framework in Frameworks */ = {isa = PBXBuildFile; fileRef = B5623016174FD6AB00A1ADDE /* UIKit.framework */; };
		B5623019174FD6AB00A1ADDE /* Foundation.framework in Frameworks */ = {isa = PBXBuildFile; fileRef = B5623018174FD6AB00A1ADDE /* Foundation.framework */; };
		B562301B174FD6AB00A1ADDE /* CoreGraphics.framework in Frameworks */ = {isa = PBXBuildFile; fileRef = B562301A174FD6AB00A1ADDE /* CoreGraphics.framework */; };
		B5623021174FD6AB00A1ADDE /* InfoPlist.strings in Resources */ = {isa = PBXBuildFile; fileRef = B562301F174FD6AB00A1ADDE /* InfoPlist.strings */; };
		B5623023174FD6AB00A1ADDE /* main.m in Sources */ = {isa = PBXBuildFile; fileRef = B5623022174FD6AB00A1ADDE /* main.m */; };
		B5623027174FD6AB00A1ADDE /* AppDelegate.m in Sources */ = {isa = PBXBuildFile; fileRef = B5623026174FD6AB00A1ADDE /* AppDelegate.m */; };
		B5623029174FD6AB00A1ADDE /* Default.png in Resources */ = {isa = PBXBuildFile; fileRef = B5623028174FD6AB00A1ADDE /* Default.png */; };
		B562302B174FD6AB00A1ADDE /* Default@2x.png in Resources */ = {isa = PBXBuildFile; fileRef = B562302A174FD6AB00A1ADDE /* Default@2x.png */; };
		B562302D174FD6AB00A1ADDE /* Default-568h@2x.png in Resources */ = {isa = PBXBuildFile; fileRef = B562302C174FD6AB00A1ADDE /* Default-568h@2x.png */; };
/* End PBXBuildFile section */

/* Begin PBXFileReference section */
		B5623013174FD6AB00A1ADDE /* Lights.app */ = {isa = PBXFileReference; explicitFileType = wrapper.application; includeInIndex = 0; path = Lights.app; sourceTree = BUILT_PRODUCTS_DIR; };
		B5623016174FD6AB00A1ADDE /* UIKit.framework */ = {isa = PBXFileReference; lastKnownFileType = wrapper.framework; name = UIKit.framework; path = System/Library/Frameworks/UIKit.framework; sourceTree = SDKROOT; };
		B5623018174FD6AB00A1ADDE /* Foundation.framework */ = {isa = PBXFileReference; lastKnownFileType = wrapper.framework; name = Foundation.framework; path = System/Library/Frameworks/Foundation.framework; sourceTree = SDKROOT; };
		B562301A174FD6AB00A1ADDE /* CoreGraphics.framework */ = {isa = PBXFileReference; lastKnownFileType = wrapper.framework; name = CoreGraphics.framework; path = System/Library/Frameworks/CoreGraphics.framework; sourceTree = SDKROOT; };
		B562301E174FD6AB00A1ADDE /* Lights-Info.plist */ = {isa = PBXFileReference; lastKnownFileType = text.plist.xml; path = "Lights-Info.plist"; sourceTree = "<group>"; };
		B5623020174FD6AB00A1ADDE /* en */ = {isa = PBXFileReference; lastKnownFileType = text.plist.strings; name = en; path = en.lproj/InfoPlist.strings; sourceTree = "<group>"; };
		B5623022174FD6AB00A1ADDE /* main.m */ = {isa = PBXFileReference; lastKnownFileType = sourcecode.c.objc; path = main.m; sourceTree = "<group>"; };
		B5623024174FD6AB00A1ADDE /* Lights-Prefix.pch */ = {isa = PBXFileReference; lastKnownFileType = sourcecode.c.h; path = "Lights-Prefix.pch"; sourceTree = "<group>"; };
		B5623025174FD6AB00A1ADDE /* AppDelegate.h */ = {isa = PBXFileReference; lastKnownFileType = sourcecode.c.h; path = AppDelegate.h; sourceTree = "<group>"; };
		B5623026174FD6AB00A1ADDE /* AppDelegate.m */ = {isa = PBXFileReference; lastKnownFileType = sourcecode.c.objc; path = AppDelegate.m; sourceTree = "<group>"; };
		B5623028174FD6AB00A1ADDE /* Default.png */ = {isa = PBXFileReference; lastKnownFileType = image.png; path = Default.png; sourceTree = "<group>"; };
		B562302A174FD6AB00A1ADDE /* Default@2x.png */ = {isa = PBXFileReference; lastKnownFileType = image.png; path = "Default@2x.png"; sourceTree = "<group>"; };
		B562302C174FD6AB00A1ADDE /* Default-568h@2x.png */ = {isa = PBXFileReference; lastKnownFileType = image.png; path = "Default-568h@2x.png"; sourceTree = "<group>"; };
/* End PBXFileReference section */

/* Begin PBXFrameworksBuildPhase section */
		B5623010174FD6AB00A1ADDE /* Frameworks */ = {
			isa = PBXFrameworksBuildPhase;
			buildActionMask = 2147483647;
			files = (
				B5623017174FD6AB00A1ADDE /* UIKit.framework in Frameworks */,
				B5623019174FD6AB00A1ADDE /* Foundation.framework in Frameworks */,
				B562301B174FD6AB00A1ADDE /* CoreGraphics.framework in Frameworks */,
			);
			runOnlyForDeploymentPostprocessing = 0;
		};
/* End PBXFrameworksBuildPhase section */

/* Begin PBXGroup section */
		B562300A174FD6AB00A1ADDE = {
			isa = PBXGroup;
			children = (
				B562301C174FD6AB00A1ADDE /* Lights */,
				B5623015174FD6AB00A1ADDE /* Frameworks */,
				B5623014174FD6AB00A1ADDE /* Products */,
			);
			sourceTree = "<group>";
		};
		B5623014174FD6AB00A1ADDE /* Products */ = {
			isa = PBXGroup;
			children = (
				B5623013174FD6AB00A1ADDE /* Lights.app */,
			);
			name = Products;
			sourceTree = "<group>";
		};
		B5623015174FD6AB00A1ADDE /* Frameworks */ = {
			isa = PBXGroup;
			children = (
				B5623016174FD6AB00A1ADDE /* UIKit.framework */,
				B5623018174FD6AB00A1ADDE /* Foundation.framework */,
				B562301A174FD6AB00A1ADDE /* CoreGraphics.framework */,
			);
			name = Frameworks;
			sourceTree = "<group>";
		};
		B562301C174FD6AB00A1ADDE /* Lights */ = {
			isa = PBXGroup;
			children = (
				B5623025174FD6AB00A1ADDE /* AppDelegate.h */,
				B5623026174FD6AB00A1ADDE /* AppDelegate.m */,
				B562301D174FD6AB00A1ADDE /* Supporting Files */,
			);
			path = Lights;
			sourceTree = "<group>";
		};
		B562301D174FD6AB00A1ADDE /* Supporting Files */ = {
			isa = PBXGroup;
			children = (
				B562301E174FD6AB00A1ADDE /* Lights-Info.plist */,
				B562301F174FD6AB00A1ADDE /* InfoPlist.strings */,
				B5623022174FD6AB00A1ADDE /* main.m */,
				B5623024174FD6AB00A1ADDE /* Lights-Prefix.pch */,
				B5623028174FD6AB00A1ADDE /* Default.png */,
				B562302A174FD6AB00A1ADDE /* Default@2x.png */,
				B562302C174FD6AB00A1ADDE /* Default-568h@2x.png */,
			);
			name = "Supporting Files";
			sourceTree = "<group>";
		};
/* End PBXGroup section */

/* Begin PBXNativeTarget section */
		B5623012174FD6AB00A1ADDE /* Lights */ = {
			isa = PBXNativeTarget;
			buildConfigurationList = B5623030174FD6AB00A1ADDE /* Build configuration list for PBXNativeTarget "Lights" */;
			buildPhases = (
				B562300F174FD6AB00A1ADDE /* Sources */,
				B5623010174FD6AB00A1ADDE /* Frameworks */,
				B5623011174FD6AB00A1ADDE /* Resources */,
			);
			buildRules = (
			);
			dependencies = (
			);
			name = Lights;
			productName = Lights;
			productReference = B5623013174FD6AB00A1ADDE /* Lights.app */;
			productType = "com.apple.product-type.application";
		};
/* End PBXNativeTarget section */

/* Begin PBXProject section */
		B562300B174FD6AB00A1ADDE /* Project object */ = {
			isa = PBXProject;
			attributes = {
				LastUpgradeCheck = 0460;
				ORGANIZATIONNAME = "Zone Zero Apps";
			};
			buildConfigurationList = B562300E174FD6AB00A1ADDE /* Build configuration list for PBXProject "Lights" */;
			compatibilityVersion = "Xcode 3.2";
			developmentRegion = English;
			hasScannedForEncodings = 0;
			knownRegions = (
				en,
			);
			mainGroup = B562300A174FD6AB00A1ADDE;
			productRefGroup = B5623014174FD6AB00A1ADDE /* Products */;
			projectDirPath = "";
			projectRoot = "";
			targets = (
				B5623012174FD6AB00A1ADDE /* Lights */,
			);
		};
/* End PBXProject section */

/* Begin PBXResourcesBuildPhase section */
		B5623011174FD6AB00A1ADDE /* Resources */ = {
			isa = PBXResourcesBuildPhase;
			buildActionMask = 2147483647;
			files = (
				B5623021174FD6AB00A1ADDE /* InfoPlist.strings in Resources */,
				B5623029174FD6AB00A1ADDE /* Default.png in Resources */,
				B562302B174FD6AB00A1ADDE /* Default@2x.png in Resources */,
				B562302D174FD6AB00A1ADDE /* Default-568h@2x.png in Resources */,
			);
			runOnlyForDeploymentPostprocessing = 0;
		};
/* End PBXResourcesBuildPhase section */

/* Begin PBXSourcesBuildPhase section */
		B562300F174FD6AB00A1ADDE /* Sources */ = {
			isa = PBXSourcesBuildPhase;
			buildActionMask = 2147483647;
			files = (
				B5623023174FD6AB00A1ADDE /* main.m in Sources */,
				B5623027174FD6AB00A1ADDE /* AppDelegate.m in Sources */,
			);
			runOnlyForDeploymentPostprocessing = 0;
		};
/* End PBXSourcesBuildPhase section */

/* Begin PBXVariantGroup section */
		B562301F174FD6AB00A1ADDE /* InfoPlist.strings */ = {
			isa = PBXVariantGroup;
			children = (
				B5623020174FD6AB00A1ADDE /* en */,
			);
			name = InfoPlist.strings;
			sourceTree = "<group>";
		};
/* End PBXVariantGroup section */

/* Begin XCBuildConfiguration section */
		B562302E174FD6AB00A1ADDE /* Debug */ = {
			isa = XCBuildConfiguration;
			buildSettings = {
				ALWAYS_SEARCH_USER_PATHS = NO;
				CLANG_CXX_LANGUAGE_STANDARD = "gnu++0x";
				CLANG_CXX_LIBRARY = "libc++";
				CLANG_ENABLE_OBJC_ARC = YES;
				CLANG_WARN_CONSTANT_CONVERSION = YES;
				CLANG_WARN_EMPTY_BODY = YES;
				CLANG_WARN_ENUM_CONVERSION = YES;
				CLANG_WARN_INT_CONVERSION = YES;
				CLANG_WARN__DUPLICATE_METHOD_MATCH = YES;
				"CODE_SIGN_IDENTITY[sdk=iphoneos*]" = "iPhone Developer";
				COPY_PHASE_STRIP = NO;
				GCC_C_LANGUAGE_STANDARD = gnu99;
				GCC_DYNAMIC_NO_PIC = NO;
				GCC_OPTIMIZATION_LEVEL = 0;
				GCC_PREPROCESSOR_DEFINITIONS = (
					"DEBUG=1",
					"$(inherited)",
				);
				GCC_SYMBOLS_PRIVATE_EXTERN = NO;
				GCC_WARN_ABOUT_RETURN_TYPE = YES;
				GCC_WARN_UNINITIALIZED_AUTOS = YES;
				GCC_WARN_UNUSED_VARIABLE = YES;
				IPHONEOS_DEPLOYMENT_TARGET = 6.1;
				ONLY_ACTIVE_ARCH = YES;
				SDKROOT = iphoneos;
				TARGETED_DEVICE_FAMILY = "1,2";
			};
			name = Debug;
		};
		B562302F174FD6AB00A1ADDE /* Release */ = {
			isa = XCBuildConfiguration;
			buildSettings = {
				ALWAYS_SEARCH_USER_PATHS = NO;
				CLANG_CXX_LANGUAGE_STANDARD = "gnu++0x";
				CLANG_CXX_LIBRARY = "libc++";
				CLANG_ENABLE_OBJC_ARC = YES;
				CLANG_WARN_CONSTANT_CONVERSION = YES;
				CLANG_WARN_EMPTY_BODY = YES;
				CLANG_WARN_ENUM_CONVERSION = YES;
				CLANG_WARN_INT_CONVERSION = YES;
				CLANG_WARN__DUPLICATE_METHOD_MATCH = YES;
				"CODE_SIGN_IDENTITY[sdk=iphoneos*]" = "iPhone Developer";
				COPY_PHASE_STRIP = YES;
				GCC_C_LANGUAGE_STANDARD = gnu99;
				GCC_WARN_ABOUT_RETURN_TYPE = YES;
				GCC_WARN_UNINITIALIZED_AUTOS = YES;
				GCC_WARN_UNUSED_VARIABLE = YES;
				IPHONEOS_DEPLOYMENT_TARGET = 6.1;
				OTHER_CFLAGS = "-DNS_BLOCK_ASSERTIONS=1";
				SDKROOT = iphoneos;
				TARGETED_DEVICE_FAMILY = "1,2";
				VALIDATE_PRODUCT = YES;
			};
			name = Release;
		};
		B5623031174FD6AB00A1ADDE /* Debug */ = {
			isa = XCBuildConfiguration;
			buildSettings = {
				GCC_PRECOMPILE_PREFIX_HEADER = YES;
				GCC_PREFIX_HEADER = "Lights/Lights-Prefix.pch";
				INFOPLIST_FILE = "Lights/Lights-Info.plist";
				PRODUCT_NAME = "$(TARGET_NAME)";
				WRAPPER_EXTENSION = app;
			};
			name = Debug;
		};
		B5623032174FD6AB00A1ADDE /* Release */ = {
			isa = XCBuildConfiguration;
			buildSettings = {
				GCC_PRECOMPILE_PREFIX_HEADER = YES;
				GCC_PREFIX_HEADER = "Lights/Lights-Prefix.pch";
				INFOPLIST_FILE = "Lights/Lights-Info.plist";
				PRODUCT_NAME = "$(TARGET_NAME)";
				WRAPPER_EXTENSION = app;
			};
			name = Release;
		};
/* End XCBuildConfiguration section */

/* Begin XCConfigurationList section */
		B562300E174FD6AB00A1ADDE /* Build configuration list for PBXProject "Lights" */ = {
			isa = XCConfigurationList;
			buildConfigurations = (
				B562302E174FD6AB00A1ADDE /* Debug */,
				B562302F174FD6AB00A1ADDE /* Release */,
			);
			defaultConfigurationIsVisible = 0;
			defaultConfigurationName = Release;
		};
		B5623030174FD6AB00A1ADDE /* Build configuration list for PBXNativeTarget "Lights" */ = {
			isa = XCConfigurationList;
			buildConfigurations = (
				B5623031174FD6AB00A1ADDE /* Debug */,
				B5623032174FD6AB00A1ADDE /* Release */,
			);
			defaultConfigurationIsVisible = 0;
		};
/* End XCConfigurationList section */
	};
	rootObject = B562300B174FD6AB00A1ADDE /* Project object */;
}
